
Microsoft Visual Studio Solution File, Format Version 12.00
# Visual Studio 15
VisualStudioVersion = 15.0.27428.1
MinimumVisualStudioVersion = 10.0.40219.1
Project("{FAE04EC0-301F-11D3-BF4B-00C04F79EFBC}") = "AgeOfColony", "AgeOfColony\AgeOfColony.csproj", "{DDDA1C9A-0BCC-4535-9FDF-E40D5F7057E1}"
EndProject
Project("{FAE04EC0-301F-11D3-BF4B-00C04F79EFBC}") = "AgeOfColony.Tests", "AgeOfColony.Tests\AgeOfColony.Tests.csproj", "{734F9A6A-C30F-4FFB-8DB7-368D57463574}"
EndProject
Global
	GlobalSection(SolutionConfigurationPlatforms) = preSolution
		Debug|Any CPU = Debug|Any CPU
		Release|Any CPU = Release|Any CPU
	EndGlobalSection
	GlobalSection(ProjectConfigurationPlatforms) = postSolution
		{DDDA1C9A-0BCC-4535-9FDF-E40D5F7057E1}.Debug|Any CPU.ActiveCfg = Debug|Any CPU
		{DDDA1C9A-0BCC-4535-9FDF-E40D5F7057E1}.Debug|Any CPU.Build.0 = Debug|Any CPU
		{DDDA1C9A-0BCC-4535-9FDF-E40D5F7057E1}.Release|Any CPU.ActiveCfg = Release|Any CPU
		{DDDA1C9A-0BCC-4535-9FDF-E40D5F7057E1}.Release|Any CPU.Build.0 = Release|Any CPU
		{734F9A6A-C30F-4FFB-8DB7-368D57463574}.Debug|Any CPU.ActiveCfg = Debug|Any CPU
		{734F9A6A-C30F-4FFB-8DB7-368D57463574}.Debug|Any CPU.Build.0 = Debug|Any CPU
		{734F9A6A-C30F-4FFB-8DB7-368D57463574}.Release|Any CPU.ActiveCfg = Release|Any CPU
		{734F9A6A-C30F-4FFB-8DB7-368D57463574}.Release|Any CPU.Build.0 = Release|Any CPU
	EndGlobalSection
	GlobalSection(SolutionProperties) = preSolution
		HideSolutionNode = FALSE
	EndGlobalSection
	GlobalSection(ExtensibilityGlobals) = postSolution
		SolutionGuid = {150D16CE-698E-4371-86DA-5BB5871C1862}
	EndGlobalSection
EndGlobal
